// !$*UTF8*$!
{
	archiveVersion = 1;
	classes = {
	};
	objectVersion = 50;
	objects = {

/* Begin PBXBuildFile section */
		08DFAB209A7F784EF03B37F0 /* Pods_BingoTests.framework in Frameworks */ = {isa = PBXBuildFile; fileRef = D00B0AF25BBA34DE55273385 /* Pods_BingoTests.framework */; };
		12B2B7CDEA9354F97A7701F1 /* Pods_BingoUITests.framework in Frameworks */ = {isa = PBXBuildFile; fileRef = 45C92566874DB63B29DD1240 /* Pods_BingoUITests.framework */; };
		3A17D9D02066F449002F51A0 /* RightMenuViewController.swift in Sources */ = {isa = PBXBuildFile; fileRef = 3A17D9CF2066F449002F51A0 /* RightMenuViewController.swift */; };
		3A17D9D22066F6D3002F51A0 /* MenuTableViewCell.swift in Sources */ = {isa = PBXBuildFile; fileRef = 3A17D9D12066F6D3002F51A0 /* MenuTableViewCell.swift */; };
		3A17D9D42066F7A9002F51A0 /* LeftMenuViewController.swift in Sources */ = {isa = PBXBuildFile; fileRef = 3A17D9D32066F7A9002F51A0 /* LeftMenuViewController.swift */; };
		3A3DCEFC20557431006D5E28 /* CalculatorBrain.swift in Sources */ = {isa = PBXBuildFile; fileRef = 3A3DCEFB20557431006D5E28 /* CalculatorBrain.swift */; };
		3A3DCEFF20558380006D5E28 /* BasketData.swift in Sources */ = {isa = PBXBuildFile; fileRef = 3A3DCEFE20558380006D5E28 /* BasketData.swift */; };
		3A3DCF0820559763006D5E28 /* libBBDevice-iOS-3.3.0.a in Frameworks */ = {isa = PBXBuildFile; fileRef = 3A3DCF0420559763006D5E28 /* libBBDevice-iOS-3.3.0.a */; };
		3A3DCF0920559763006D5E28 /* libBBDeviceOTA-iOS-1.3.3.a in Frameworks */ = {isa = PBXBuildFile; fileRef = 3A3DCF0520559763006D5E28 /* libBBDeviceOTA-iOS-1.3.3.a */; };
		3A3DCF0A20559763006D5E28 /* libCAPK.a in Frameworks */ = {isa = PBXBuildFile; fileRef = 3A3DCF0620559763006D5E28 /* libCAPK.a */; };
		3A3DCF0D20559988006D5E28 /* CoreBluetooth.framework in Frameworks */ = {isa = PBXBuildFile; fileRef = 3A3DCF0C20559987006D5E28 /* CoreBluetooth.framework */; };
		3A3DCF0F2055999B006D5E28 /* AVFoundation.framework in Frameworks */ = {isa = PBXBuildFile; fileRef = 3A3DCF0E2055999B006D5E28 /* AVFoundation.framework */; };
		3A3DCF1120559AFE006D5E28 /* AudioToolbox.framework in Frameworks */ = {isa = PBXBuildFile; fileRef = 3A3DCF1020559AFE006D5E28 /* AudioToolbox.framework */; };
		3A3DCF1320559B05006D5E28 /* CoreAudio.framework in Frameworks */ = {isa = PBXBuildFile; fileRef = 3A3DCF1220559B05006D5E28 /* CoreAudio.framework */; };
		3A3DCF1520559B11006D5E28 /* ExternalAccessory.framework in Frameworks */ = {isa = PBXBuildFile; fileRef = 3A3DCF1420559B11006D5E28 /* ExternalAccessory.framework */; };
		3A3DCF1720559B18006D5E28 /* MediaPlayer.framework in Frameworks */ = {isa = PBXBuildFile; fileRef = 3A3DCF1620559B18006D5E28 /* MediaPlayer.framework */; };
		3A3DCF192055A358006D5E28 /* IntroductionViewController.swift in Sources */ = {isa = PBXBuildFile; fileRef = 3A3DCF182055A358006D5E28 /* IntroductionViewController.swift */; };
		3AADBEC3205C94CF00BFDD50 /* BasketViewController.swift in Sources */ = {isa = PBXBuildFile; fileRef = 3AADBEC2205C94CF00BFDD50 /* BasketViewController.swift */; };
		3AADBEC6205D47D600BFDD50 /* BasketTableViewCell.swift in Sources */ = {isa = PBXBuildFile; fileRef = 3AADBEC5205D47D600BFDD50 /* BasketTableViewCell.swift */; };
		3AC68A66205426F100553184 /* AppDelegate.swift in Sources */ = {isa = PBXBuildFile; fileRef = 3AC68A65205426F100553184 /* AppDelegate.swift */; };
		3AC68A6D205426F100553184 /* Main.storyboard in Resources */ = {isa = PBXBuildFile; fileRef = 3AC68A6B205426F100553184 /* Main.storyboard */; };
		3AC68A72205426F200553184 /* LaunchScreen.storyboard in Resources */ = {isa = PBXBuildFile; fileRef = 3AC68A70205426F200553184 /* LaunchScreen.storyboard */; };
		3AC68A7D205426F200553184 /* BingoTests.swift in Sources */ = {isa = PBXBuildFile; fileRef = 3AC68A7C205426F200553184 /* BingoTests.swift */; };
		3AC68A88205426F300553184 /* BingoUITests.swift in Sources */ = {isa = PBXBuildFile; fileRef = 3AC68A87205426F300553184 /* BingoUITests.swift */; };
		3AC68A9A2054593300553184 /* Assets.xcassets in Resources */ = {isa = PBXBuildFile; fileRef = 3AC68A992054593300553184 /* Assets.xcassets */; };
		3AC68AA220545D6000553184 /* IRANSans.ttf in Resources */ = {isa = PBXBuildFile; fileRef = 3AC68A9D20545D6000553184 /* IRANSans.ttf */; };
		3AC68AA320545D6000553184 /* IRANSans_Bold.ttf in Resources */ = {isa = PBXBuildFile; fileRef = 3AC68A9E20545D6000553184 /* IRANSans_Bold.ttf */; };
		3AC68AA420545D6000553184 /* IRANSans_Light.ttf in Resources */ = {isa = PBXBuildFile; fileRef = 3AC68A9F20545D6000553184 /* IRANSans_Light.ttf */; };
		3AC68AA520545D6000553184 /* IRANSans_Medium.ttf in Resources */ = {isa = PBXBuildFile; fileRef = 3AC68AA020545D6000553184 /* IRANSans_Medium.ttf */; };
		3AC68AA620545D6000553184 /* IRANSans_UltraLight.ttf in Resources */ = {isa = PBXBuildFile; fileRef = 3AC68AA120545D6000553184 /* IRANSans_UltraLight.ttf */; };
		3AC68AA8205472F500553184 /* BuyViewController.swift in Sources */ = {isa = PBXBuildFile; fileRef = 3AC68AA7205472F500553184 /* BuyViewController.swift */; };
		3AF563722074277E00695CF9 /* EnterInfoViewController.swift in Sources */ = {isa = PBXBuildFile; fileRef = 3AF563712074277E00695CF9 /* EnterInfoViewController.swift */; };
		3AF5637920742CA700695CF9 /* FontAnimation.swift in Sources */ = {isa = PBXBuildFile; fileRef = 3AF5637420742CA700695CF9 /* FontAnimation.swift */; };
		3AF5637A20742CA700695CF9 /* TweeActiveTextField.swift in Sources */ = {isa = PBXBuildFile; fileRef = 3AF5637520742CA700695CF9 /* TweeActiveTextField.swift */; };
		3AF5637B20742CA700695CF9 /* TweeAttributedTextField.swift in Sources */ = {isa = PBXBuildFile; fileRef = 3AF5637620742CA700695CF9 /* TweeAttributedTextField.swift */; };
		3AF5637C20742CA700695CF9 /* TweeBorderedTextField.swift in Sources */ = {isa = PBXBuildFile; fileRef = 3AF5637720742CA700695CF9 /* TweeBorderedTextField.swift */; };
		3AF5637D20742CA700695CF9 /* TweePlaceholderTextField.swift in Sources */ = {isa = PBXBuildFile; fileRef = 3AF5637820742CA700695CF9 /* TweePlaceholderTextField.swift */; };
		3AF5638F2076641700695CF9 /* CheckPersonalInfoViewController.swift in Sources */ = {isa = PBXBuildFile; fileRef = 3AF5638E2076641700695CF9 /* CheckPersonalInfoViewController.swift */; };
		3AF563912076644200695CF9 /* CheckBusinessInfoViewController.swift in Sources */ = {isa = PBXBuildFile; fileRef = 3AF563902076644200695CF9 /* CheckBusinessInfoViewController.swift */; };
		3AF563932076645300695CF9 /* DoneViewController.swift in Sources */ = {isa = PBXBuildFile; fileRef = 3AF563922076645300695CF9 /* DoneViewController.swift */; };
		64AA6F0D20744AB700857580 /* DirectChargeViewController.swift in Sources */ = {isa = PBXBuildFile; fileRef = 64AA6F0C20744AB700857580 /* DirectChargeViewController.swift */; };
		64AA6F0F20744B0600857580 /* HoldingViewController.swift in Sources */ = {isa = PBXBuildFile; fileRef = 64AA6F0E20744B0600857580 /* HoldingViewController.swift */; };
		64AA6F1120744B2500857580 /* BillViewController.swift in Sources */ = {isa = PBXBuildFile; fileRef = 64AA6F1020744B2500857580 /* BillViewController.swift */; };
		D4181EB5CF05576B030AB8B1 /* Pods_Bingo.framework in Frameworks */ = {isa = PBXBuildFile; fileRef = D38CE07C330CF94166950B70 /* Pods_Bingo.framework */; };
/* End PBXBuildFile section */

/* Begin PBXContainerItemProxy section */
		3AC68A79205426F200553184 /* PBXContainerItemProxy */ = {
			isa = PBXContainerItemProxy;
			containerPortal = 3AC68A5A205426F100553184 /* Project object */;
			proxyType = 1;
			remoteGlobalIDString = 3AC68A61205426F100553184;
			remoteInfo = Bingo;
		};
		3AC68A84205426F300553184 /* PBXContainerItemProxy */ = {
			isa = PBXContainerItemProxy;
			containerPortal = 3AC68A5A205426F100553184 /* Project object */;
			proxyType = 1;
			remoteGlobalIDString = 3AC68A61205426F100553184;
			remoteInfo = Bingo;
		};
/* End PBXContainerItemProxy section */

/* Begin PBXFileReference section */
		3A17D9CF2066F449002F51A0 /* RightMenuViewController.swift */ = {isa = PBXFileReference; lastKnownFileType = sourcecode.swift; path = RightMenuViewController.swift; sourceTree = "<group>"; };
		3A17D9D12066F6D3002F51A0 /* MenuTableViewCell.swift */ = {isa = PBXFileReference; lastKnownFileType = sourcecode.swift; path = MenuTableViewCell.swift; sourceTree = "<group>"; };
		3A17D9D32066F7A9002F51A0 /* LeftMenuViewController.swift */ = {isa = PBXFileReference; lastKnownFileType = sourcecode.swift; path = LeftMenuViewController.swift; sourceTree = "<group>"; };
		3A3DCEFB20557431006D5E28 /* CalculatorBrain.swift */ = {isa = PBXFileReference; fileEncoding = 4; lastKnownFileType = sourcecode.swift; path = CalculatorBrain.swift; sourceTree = "<group>"; };
		3A3DCEFE20558380006D5E28 /* BasketData.swift */ = {isa = PBXFileReference; fileEncoding = 4; lastKnownFileType = sourcecode.swift; path = BasketData.swift; sourceTree = "<group>"; };
		3A3DCF0120559763006D5E28 /* BBDeviceController.h */ = {isa = PBXFileReference; fileEncoding = 4; lastKnownFileType = sourcecode.c.h; path = BBDeviceController.h; sourceTree = "<group>"; };
		3A3DCF0220559763006D5E28 /* BBDeviceOTAController.h */ = {isa = PBXFileReference; fileEncoding = 4; lastKnownFileType = sourcecode.c.h; path = BBDeviceOTAController.h; sourceTree = "<group>"; };
		3A3DCF0320559763006D5E28 /* CAPK.h */ = {isa = PBXFileReference; fileEncoding = 4; lastKnownFileType = sourcecode.c.h; path = CAPK.h; sourceTree = "<group>"; };
		3A3DCF0420559763006D5E28 /* libBBDevice-iOS-3.3.0.a */ = {isa = PBXFileReference; lastKnownFileType = archive.ar; path = "libBBDevice-iOS-3.3.0.a"; sourceTree = "<group>"; };
		3A3DCF0520559763006D5E28 /* libBBDeviceOTA-iOS-1.3.3.a */ = {isa = PBXFileReference; lastKnownFileType = archive.ar; path = "libBBDeviceOTA-iOS-1.3.3.a"; sourceTree = "<group>"; };
		3A3DCF0620559763006D5E28 /* libCAPK.a */ = {isa = PBXFileReference; lastKnownFileType = archive.ar; path = libCAPK.a; sourceTree = "<group>"; };
		3A3DCF0720559763006D5E28 /* VASMerchantConfig.h */ = {isa = PBXFileReference; fileEncoding = 4; lastKnownFileType = sourcecode.c.h; path = VASMerchantConfig.h; sourceTree = "<group>"; };
		3A3DCF0B20559812006D5E28 /* Bingo_Bridging_Header_h.h */ = {isa = PBXFileReference; lastKnownFileType = sourcecode.c.h; path = Bingo_Bridging_Header_h.h; sourceTree = "<group>"; };
		3A3DCF0C20559987006D5E28 /* CoreBluetooth.framework */ = {isa = PBXFileReference; lastKnownFileType = wrapper.framework; name = CoreBluetooth.framework; path = System/Library/Frameworks/CoreBluetooth.framework; sourceTree = SDKROOT; };
		3A3DCF0E2055999B006D5E28 /* AVFoundation.framework */ = {isa = PBXFileReference; lastKnownFileType = wrapper.framework; name = AVFoundation.framework; path = System/Library/Frameworks/AVFoundation.framework; sourceTree = SDKROOT; };
		3A3DCF1020559AFE006D5E28 /* AudioToolbox.framework */ = {isa = PBXFileReference; lastKnownFileType = wrapper.framework; name = AudioToolbox.framework; path = System/Library/Frameworks/AudioToolbox.framework; sourceTree = SDKROOT; };
		3A3DCF1220559B05006D5E28 /* CoreAudio.framework */ = {isa = PBXFileReference; lastKnownFileType = wrapper.framework; name = CoreAudio.framework; path = System/Library/Frameworks/CoreAudio.framework; sourceTree = SDKROOT; };
		3A3DCF1420559B11006D5E28 /* ExternalAccessory.framework */ = {isa = PBXFileReference; lastKnownFileType = wrapper.framework; name = ExternalAccessory.framework; path = System/Library/Frameworks/ExternalAccessory.framework; sourceTree = SDKROOT; };
		3A3DCF1620559B18006D5E28 /* MediaPlayer.framework */ = {isa = PBXFileReference; lastKnownFileType = wrapper.framework; name = MediaPlayer.framework; path = System/Library/Frameworks/MediaPlayer.framework; sourceTree = SDKROOT; };
		3A3DCF182055A358006D5E28 /* IntroductionViewController.swift */ = {isa = PBXFileReference; lastKnownFileType = sourcecode.swift; path = IntroductionViewController.swift; sourceTree = "<group>"; };
		3AADBEC2205C94CF00BFDD50 /* BasketViewController.swift */ = {isa = PBXFileReference; lastKnownFileType = sourcecode.swift; path = BasketViewController.swift; sourceTree = "<group>"; };
		3AADBEC5205D47D600BFDD50 /* BasketTableViewCell.swift */ = {isa = PBXFileReference; lastKnownFileType = sourcecode.swift; path = BasketTableViewCell.swift; sourceTree = "<group>"; };
		3AC68A62205426F100553184 /* Bingo.app */ = {isa = PBXFileReference; explicitFileType = wrapper.application; includeInIndex = 0; path = Bingo.app; sourceTree = BUILT_PRODUCTS_DIR; };
		3AC68A65205426F100553184 /* AppDelegate.swift */ = {isa = PBXFileReference; lastKnownFileType = sourcecode.swift; path = AppDelegate.swift; sourceTree = "<group>"; };
		3AC68A6C205426F100553184 /* Base */ = {isa = PBXFileReference; lastKnownFileType = file.storyboard; name = Base; path = Base.lproj/Main.storyboard; sourceTree = "<group>"; };
		3AC68A71205426F200553184 /* Base */ = {isa = PBXFileReference; lastKnownFileType = file.storyboard; name = Base; path = Base.lproj/LaunchScreen.storyboard; sourceTree = "<group>"; };
		3AC68A73205426F200553184 /* Info.plist */ = {isa = PBXFileReference; lastKnownFileType = text.plist.xml; path = Info.plist; sourceTree = "<group>"; };
		3AC68A78205426F200553184 /* BingoTests.xctest */ = {isa = PBXFileReference; explicitFileType = wrapper.cfbundle; includeInIndex = 0; path = BingoTests.xctest; sourceTree = BUILT_PRODUCTS_DIR; };
		3AC68A7C205426F200553184 /* BingoTests.swift */ = {isa = PBXFileReference; lastKnownFileType = sourcecode.swift; path = BingoTests.swift; sourceTree = "<group>"; };
		3AC68A7E205426F200553184 /* Info.plist */ = {isa = PBXFileReference; lastKnownFileType = text.plist.xml; path = Info.plist; sourceTree = "<group>"; };
		3AC68A83205426F300553184 /* BingoUITests.xctest */ = {isa = PBXFileReference; explicitFileType = wrapper.cfbundle; includeInIndex = 0; path = BingoUITests.xctest; sourceTree = BUILT_PRODUCTS_DIR; };
		3AC68A87205426F300553184 /* BingoUITests.swift */ = {isa = PBXFileReference; lastKnownFileType = sourcecode.swift; path = BingoUITests.swift; sourceTree = "<group>"; };
		3AC68A89205426F300553184 /* Info.plist */ = {isa = PBXFileReference; lastKnownFileType = text.plist.xml; path = Info.plist; sourceTree = "<group>"; };
		3AC68A952054286D00553184 /* fa-IR */ = {isa = PBXFileReference; lastKnownFileType = text.plist.strings; name = "fa-IR"; path = "fa-IR.lproj/Main.strings"; sourceTree = "<group>"; };
		3AC68A962054286D00553184 /* fa-IR */ = {isa = PBXFileReference; lastKnownFileType = text.plist.strings; name = "fa-IR"; path = "fa-IR.lproj/LaunchScreen.strings"; sourceTree = "<group>"; };
		3AC68A972054287B00553184 /* ar-IQ */ = {isa = PBXFileReference; lastKnownFileType = text.plist.strings; name = "ar-IQ"; path = "ar-IQ.lproj/Main.strings"; sourceTree = "<group>"; };
		3AC68A982054287B00553184 /* ar-IQ */ = {isa = PBXFileReference; lastKnownFileType = text.plist.strings; name = "ar-IQ"; path = "ar-IQ.lproj/LaunchScreen.strings"; sourceTree = "<group>"; };
		3AC68A992054593300553184 /* Assets.xcassets */ = {isa = PBXFileReference; lastKnownFileType = folder.assetcatalog; path = Assets.xcassets; sourceTree = "<group>"; };
		3AC68A9D20545D6000553184 /* IRANSans.ttf */ = {isa = PBXFileReference; lastKnownFileType = file; path = IRANSans.ttf; sourceTree = "<group>"; };
		3AC68A9E20545D6000553184 /* IRANSans_Bold.ttf */ = {isa = PBXFileReference; lastKnownFileType = file; path = IRANSans_Bold.ttf; sourceTree = "<group>"; };
		3AC68A9F20545D6000553184 /* IRANSans_Light.ttf */ = {isa = PBXFileReference; lastKnownFileType = file; path = IRANSans_Light.ttf; sourceTree = "<group>"; };
		3AC68AA020545D6000553184 /* IRANSans_Medium.ttf */ = {isa = PBXFileReference; lastKnownFileType = file; path = IRANSans_Medium.ttf; sourceTree = "<group>"; };
		3AC68AA120545D6000553184 /* IRANSans_UltraLight.ttf */ = {isa = PBXFileReference; lastKnownFileType = file; path = IRANSans_UltraLight.ttf; sourceTree = "<group>"; };
		3AC68AA7205472F500553184 /* BuyViewController.swift */ = {isa = PBXFileReference; lastKnownFileType = sourcecode.swift; path = BuyViewController.swift; sourceTree = "<group>"; };
		3AC69E3F2055B0150033C5EA /* Bingo.entitlements */ = {isa = PBXFileReference; lastKnownFileType = text.plist.entitlements; path = Bingo.entitlements; sourceTree = "<group>"; };
		3AF563712074277E00695CF9 /* EnterInfoViewController.swift */ = {isa = PBXFileReference; lastKnownFileType = sourcecode.swift; path = EnterInfoViewController.swift; sourceTree = "<group>"; };
		3AF5637420742CA700695CF9 /* FontAnimation.swift */ = {isa = PBXFileReference; fileEncoding = 4; lastKnownFileType = sourcecode.swift; path = FontAnimation.swift; sourceTree = "<group>"; };
		3AF5637520742CA700695CF9 /* TweeActiveTextField.swift */ = {isa = PBXFileReference; fileEncoding = 4; lastKnownFileType = sourcecode.swift; path = TweeActiveTextField.swift; sourceTree = "<group>"; };
		3AF5637620742CA700695CF9 /* TweeAttributedTextField.swift */ = {isa = PBXFileReference; fileEncoding = 4; lastKnownFileType = sourcecode.swift; path = TweeAttributedTextField.swift; sourceTree = "<group>"; };
		3AF5637720742CA700695CF9 /* TweeBorderedTextField.swift */ = {isa = PBXFileReference; fileEncoding = 4; lastKnownFileType = sourcecode.swift; path = TweeBorderedTextField.swift; sourceTree = "<group>"; };
		3AF5637820742CA700695CF9 /* TweePlaceholderTextField.swift */ = {isa = PBXFileReference; fileEncoding = 4; lastKnownFileType = sourcecode.swift; path = TweePlaceholderTextField.swift; sourceTree = "<group>"; };
		3AF5638E2076641700695CF9 /* CheckPersonalInfoViewController.swift */ = {isa = PBXFileReference; lastKnownFileType = sourcecode.swift; path = CheckPersonalInfoViewController.swift; sourceTree = "<group>"; };
		3AF563902076644200695CF9 /* CheckBusinessInfoViewController.swift */ = {isa = PBXFileReference; lastKnownFileType = sourcecode.swift; path = CheckBusinessInfoViewController.swift; sourceTree = "<group>"; };
		3AF563922076645300695CF9 /* DoneViewController.swift */ = {isa = PBXFileReference; lastKnownFileType = sourcecode.swift; path = DoneViewController.swift; sourceTree = "<group>"; };
		45C92566874DB63B29DD1240 /* Pods_BingoUITests.framework */ = {isa = PBXFileReference; explicitFileType = wrapper.framework; includeInIndex = 0; path = Pods_BingoUITests.framework; sourceTree = BUILT_PRODUCTS_DIR; };
		62F29584064AD9059EA96D39 /* Pods-Bingo.debug.xcconfig */ = {isa = PBXFileReference; includeInIndex = 1; lastKnownFileType = text.xcconfig; name = "Pods-Bingo.debug.xcconfig"; path = "Pods/Target Support Files/Pods-Bingo/Pods-Bingo.debug.xcconfig"; sourceTree = "<group>"; };
		64AA6F0C20744AB700857580 /* DirectChargeViewController.swift */ = {isa = PBXFileReference; lastKnownFileType = sourcecode.swift; path = DirectChargeViewController.swift; sourceTree = "<group>"; };
		64AA6F0E20744B0600857580 /* HoldingViewController.swift */ = {isa = PBXFileReference; lastKnownFileType = sourcecode.swift; path = HoldingViewController.swift; sourceTree = "<group>"; };
		64AA6F1020744B2500857580 /* BillViewController.swift */ = {isa = PBXFileReference; lastKnownFileType = sourcecode.swift; path = BillViewController.swift; sourceTree = "<group>"; };
		AB5D30F9D82FA10BE1262E2D /* Pods-BingoUITests.debug.xcconfig */ = {isa = PBXFileReference; includeInIndex = 1; lastKnownFileType = text.xcconfig; name = "Pods-BingoUITests.debug.xcconfig"; path = "Pods/Target Support Files/Pods-BingoUITests/Pods-BingoUITests.debug.xcconfig"; sourceTree = "<group>"; };
		C566E63505277F1B06D3FAE7 /* Pods-BingoTests.debug.xcconfig */ = {isa = PBXFileReference; includeInIndex = 1; lastKnownFileType = text.xcconfig; name = "Pods-BingoTests.debug.xcconfig"; path = "Pods/Target Support Files/Pods-BingoTests/Pods-BingoTests.debug.xcconfig"; sourceTree = "<group>"; };
		D00B0AF25BBA34DE55273385 /* Pods_BingoTests.framework */ = {isa = PBXFileReference; explicitFileType = wrapper.framework; includeInIndex = 0; path = Pods_BingoTests.framework; sourceTree = BUILT_PRODUCTS_DIR; };
		D38CE07C330CF94166950B70 /* Pods_Bingo.framework */ = {isa = PBXFileReference; explicitFileType = wrapper.framework; includeInIndex = 0; path = Pods_Bingo.framework; sourceTree = BUILT_PRODUCTS_DIR; };
		DE84CD9B8100B9A83EF86CAE /* Pods-Bingo.release.xcconfig */ = {isa = PBXFileReference; includeInIndex = 1; lastKnownFileType = text.xcconfig; name = "Pods-Bingo.release.xcconfig"; path = "Pods/Target Support Files/Pods-Bingo/Pods-Bingo.release.xcconfig"; sourceTree = "<group>"; };
		E1E8351E4D428B75C3FCAB9A /* Pods-BingoUITests.release.xcconfig */ = {isa = PBXFileReference; includeInIndex = 1; lastKnownFileType = text.xcconfig; name = "Pods-BingoUITests.release.xcconfig"; path = "Pods/Target Support Files/Pods-BingoUITests/Pods-BingoUITests.release.xcconfig"; sourceTree = "<group>"; };
		EB8199D9D18F149F028A779B /* Pods-BingoTests.release.xcconfig */ = {isa = PBXFileReference; includeInIndex = 1; lastKnownFileType = text.xcconfig; name = "Pods-BingoTests.release.xcconfig"; path = "Pods/Target Support Files/Pods-BingoTests/Pods-BingoTests.release.xcconfig"; sourceTree = "<group>"; };
/* End PBXFileReference section */

/* Begin PBXFrameworksBuildPhase section */
		3AC68A5F205426F100553184 /* Frameworks */ = {
			isa = PBXFrameworksBuildPhase;
			buildActionMask = 2147483647;
			files = (
				3A3DCF1720559B18006D5E28 /* MediaPlayer.framework in Frameworks */,
				3A3DCF1520559B11006D5E28 /* ExternalAccessory.framework in Frameworks */,
				3A3DCF1320559B05006D5E28 /* CoreAudio.framework in Frameworks */,
				3A3DCF1120559AFE006D5E28 /* AudioToolbox.framework in Frameworks */,
				3A3DCF0F2055999B006D5E28 /* AVFoundation.framework in Frameworks */,
				3A3DCF0D20559988006D5E28 /* CoreBluetooth.framework in Frameworks */,
				3A3DCF0820559763006D5E28 /* libBBDevice-iOS-3.3.0.a in Frameworks */,
				3A3DCF0920559763006D5E28 /* libBBDeviceOTA-iOS-1.3.3.a in Frameworks */,
				3A3DCF0A20559763006D5E28 /* libCAPK.a in Frameworks */,
				D4181EB5CF05576B030AB8B1 /* Pods_Bingo.framework in Frameworks */,
			);
			runOnlyForDeploymentPostprocessing = 0;
		};
		3AC68A75205426F200553184 /* Frameworks */ = {
			isa = PBXFrameworksBuildPhase;
			buildActionMask = 2147483647;
			files = (
				08DFAB209A7F784EF03B37F0 /* Pods_BingoTests.framework in Frameworks */,
			);
			runOnlyForDeploymentPostprocessing = 0;
		};
		3AC68A80205426F300553184 /* Frameworks */ = {
			isa = PBXFrameworksBuildPhase;
			buildActionMask = 2147483647;
			files = (
				12B2B7CDEA9354F97A7701F1 /* Pods_BingoUITests.framework in Frameworks */,
			);
			runOnlyForDeploymentPostprocessing = 0;
		};
/* End PBXFrameworksBuildPhase section */

/* Begin PBXGroup section */
		3A3DCEFA20557431006D5E28 /* Calculator Brain */ = {
			isa = PBXGroup;
			children = (
				3A3DCEFB20557431006D5E28 /* CalculatorBrain.swift */,
			);
			path = "Calculator Brain";
			sourceTree = "<group>";
		};
		3A3DCEFD2055835D006D5E28 /* Helper */ = {
			isa = PBXGroup;
			children = (
				3A3DCEFE20558380006D5E28 /* BasketData.swift */,
			);
			path = Helper;
			sourceTree = "<group>";
		};
		3A3DCF0020559763006D5E28 /* BBDeviceLibrary */ = {
			isa = PBXGroup;
			children = (
				3A3DCF0120559763006D5E28 /* BBDeviceController.h */,
				3A3DCF0220559763006D5E28 /* BBDeviceOTAController.h */,
				3A3DCF0320559763006D5E28 /* CAPK.h */,
				3A3DCF0420559763006D5E28 /* libBBDevice-iOS-3.3.0.a */,
				3A3DCF0520559763006D5E28 /* libBBDeviceOTA-iOS-1.3.3.a */,
				3A3DCF0620559763006D5E28 /* libCAPK.a */,
				3A3DCF0720559763006D5E28 /* VASMerchantConfig.h */,
			);
			path = BBDeviceLibrary;
			sourceTree = "<group>";
		};
		3AADBEC4205D47AE00BFDD50 /* TableCell */ = {
			isa = PBXGroup;
			children = (
				3AADBEC5205D47D600BFDD50 /* BasketTableViewCell.swift */,
				3A17D9D12066F6D3002F51A0 /* MenuTableViewCell.swift */,
			);
			path = TableCell;
			sourceTree = "<group>";
		};
		3AC68A59205426F100553184 = {
			isa = PBXGroup;
			children = (
				3AC68A64205426F100553184 /* Bingo */,
				3AC68A7B205426F200553184 /* BingoTests */,
				3AC68A86205426F300553184 /* BingoUITests */,
				3AC68A63205426F100553184 /* Products */,
				5C554449136C6781683E4ADD /* Frameworks */,
				3CF0322DB2DCCBB23ED4EDBA /* Pods */,
			);
			sourceTree = "<group>";
		};
		3AC68A63205426F100553184 /* Products */ = {
			isa = PBXGroup;
			children = (
				3AC68A62205426F100553184 /* Bingo.app */,
				3AC68A78205426F200553184 /* BingoTests.xctest */,
				3AC68A83205426F300553184 /* BingoUITests.xctest */,
			);
			name = Products;
			sourceTree = "<group>";
		};
		3AC68A64205426F100553184 /* Bingo */ = {
			isa = PBXGroup;
			children = (
				3AC69E3F2055B0150033C5EA /* Bingo.entitlements */,
				3AC68A9B20545D2B00553184 /* Libraries */,
				64AA6F0820744A6B00857580 /* Menu */,
				3AF563702074275B00695CF9 /* Setup */,
				64AA6F0720744A3F00857580 /* Main Views */,
				3A3DCF0B20559812006D5E28 /* Bingo_Bridging_Header_h.h */,
				3AC68A65205426F100553184 /* AppDelegate.swift */,
				3AC68A6B205426F100553184 /* Main.storyboard */,
				3AC68A70205426F200553184 /* LaunchScreen.storyboard */,
				3AC68A73205426F200553184 /* Info.plist */,
				3AC68A992054593300553184 /* Assets.xcassets */,
			);
			path = Bingo;
			sourceTree = "<group>";
		};
		3AC68A7B205426F200553184 /* BingoTests */ = {
			isa = PBXGroup;
			children = (
				3AC68A7C205426F200553184 /* BingoTests.swift */,
				3AC68A7E205426F200553184 /* Info.plist */,
			);
			path = BingoTests;
			sourceTree = "<group>";
		};
		3AC68A86205426F300553184 /* BingoUITests */ = {
			isa = PBXGroup;
			children = (
				3AC68A87205426F300553184 /* BingoUITests.swift */,
				3AC68A89205426F300553184 /* Info.plist */,
			);
			path = BingoUITests;
			sourceTree = "<group>";
		};
		3AC68A9B20545D2B00553184 /* Libraries */ = {
			isa = PBXGroup;
			children = (
				3AF5637320742CA700695CF9 /* TweeTextField */,
				3AADBEC4205D47AE00BFDD50 /* TableCell */,
				3A3DCF0020559763006D5E28 /* BBDeviceLibrary */,
				3A3DCEFD2055835D006D5E28 /* Helper */,
				3A3DCEFA20557431006D5E28 /* Calculator Brain */,
				3AC68A9C20545D6000553184 /* Font */,
			);
			path = Libraries;
			sourceTree = "<group>";
		};
		3AC68A9C20545D6000553184 /* Font */ = {
			isa = PBXGroup;
			children = (
				3AC68A9D20545D6000553184 /* IRANSans.ttf */,
				3AC68A9E20545D6000553184 /* IRANSans_Bold.ttf */,
				3AC68A9F20545D6000553184 /* IRANSans_Light.ttf */,
				3AC68AA020545D6000553184 /* IRANSans_Medium.ttf */,
				3AC68AA120545D6000553184 /* IRANSans_UltraLight.ttf */,
			);
			path = Font;
			sourceTree = "<group>";
		};
		3AF563702074275B00695CF9 /* Setup */ = {
			isa = PBXGroup;
			children = (
				3A3DCF182055A358006D5E28 /* IntroductionViewController.swift */,
				3AF563712074277E00695CF9 /* EnterInfoViewController.swift */,
				3AF5638E2076641700695CF9 /* CheckPersonalInfoViewController.swift */,
				3AF563902076644200695CF9 /* CheckBusinessInfoViewController.swift */,
				3AF563922076645300695CF9 /* DoneViewController.swift */,
			);
			path = Setup;
			sourceTree = "<group>";
		};
		3AF5637320742CA700695CF9 /* TweeTextField */ = {
			isa = PBXGroup;
			children = (
				3AF5637420742CA700695CF9 /* FontAnimation.swift */,
				3AF5637520742CA700695CF9 /* TweeActiveTextField.swift */,
				3AF5637620742CA700695CF9 /* TweeAttributedTextField.swift */,
				3AF5637720742CA700695CF9 /* TweeBorderedTextField.swift */,
				3AF5637820742CA700695CF9 /* TweePlaceholderTextField.swift */,
			);
			path = TweeTextField;
			sourceTree = "<group>";
		};
		3CF0322DB2DCCBB23ED4EDBA /* Pods */ = {
			isa = PBXGroup;
			children = (
				62F29584064AD9059EA96D39 /* Pods-Bingo.debug.xcconfig */,
				DE84CD9B8100B9A83EF86CAE /* Pods-Bingo.release.xcconfig */,
				C566E63505277F1B06D3FAE7 /* Pods-BingoTests.debug.xcconfig */,
				EB8199D9D18F149F028A779B /* Pods-BingoTests.release.xcconfig */,
				AB5D30F9D82FA10BE1262E2D /* Pods-BingoUITests.debug.xcconfig */,
				E1E8351E4D428B75C3FCAB9A /* Pods-BingoUITests.release.xcconfig */,
			);
			name = Pods;
			sourceTree = "<group>";
		};
		5C554449136C6781683E4ADD /* Frameworks */ = {
			isa = PBXGroup;
			children = (
				3A3DCF1620559B18006D5E28 /* MediaPlayer.framework */,
				3A3DCF1420559B11006D5E28 /* ExternalAccessory.framework */,
				3A3DCF1220559B05006D5E28 /* CoreAudio.framework */,
				3A3DCF1020559AFE006D5E28 /* AudioToolbox.framework */,
				3A3DCF0E2055999B006D5E28 /* AVFoundation.framework */,
				3A3DCF0C20559987006D5E28 /* CoreBluetooth.framework */,
				D38CE07C330CF94166950B70 /* Pods_Bingo.framework */,
				D00B0AF25BBA34DE55273385 /* Pods_BingoTests.framework */,
				45C92566874DB63B29DD1240 /* Pods_BingoUITests.framework */,
			);
			name = Frameworks;
			sourceTree = "<group>";
		};
		64AA6F0720744A3F00857580 /* Main Views */ = {
			isa = PBXGroup;
			children = (
				3AC68AA7205472F500553184 /* BuyViewController.swift */,
				3AADBEC2205C94CF00BFDD50 /* BasketViewController.swift */,
				64AA6F0C20744AB700857580 /* DirectChargeViewController.swift */,
				64AA6F0E20744B0600857580 /* HoldingViewController.swift */,
				64AA6F1020744B2500857580 /* BillViewController.swift */,
			);
			path = "Main Views";
			sourceTree = "<group>";
		};
		64AA6F0820744A6B00857580 /* Menu */ = {
			isa = PBXGroup;
			children = (
				3A17D9CF2066F449002F51A0 /* RightMenuViewController.swift */,
				3A17D9D32066F7A9002F51A0 /* LeftMenuViewController.swift */,
			);
			path = Menu;
			sourceTree = "<group>";
		};
/* End PBXGroup section */

/* Begin PBXNativeTarget section */
		3AC68A61205426F100553184 /* Bingo */ = {
			isa = PBXNativeTarget;
			buildConfigurationList = 3AC68A8C205426F300553184 /* Build configuration list for PBXNativeTarget "Bingo" */;
			buildPhases = (
				759A9ED238CEC6EDD190DFB9 /* [CP] Check Pods Manifest.lock */,
				3AC68A5E205426F100553184 /* Sources */,
				3AC68A5F205426F100553184 /* Frameworks */,
				3AC68A60205426F100553184 /* Resources */,
				C9D31AE54B7B773A52C66DB7 /* [CP] Embed Pods Frameworks */,
				46CD7B3B05BA7950E5ABFC01 /* [CP] Copy Pods Resources */,
			);
			buildRules = (
			);
			dependencies = (
			);
			name = Bingo;
			productName = Bingo;
			productReference = 3AC68A62205426F100553184 /* Bingo.app */;
			productType = "com.apple.product-type.application";
		};
		3AC68A77205426F200553184 /* BingoTests */ = {
			isa = PBXNativeTarget;
			buildConfigurationList = 3AC68A8F205426F300553184 /* Build configuration list for PBXNativeTarget "BingoTests" */;
			buildPhases = (
				4C7860A44C2A8DBB8DF56B69 /* [CP] Check Pods Manifest.lock */,
				3AC68A74205426F200553184 /* Sources */,
				3AC68A75205426F200553184 /* Frameworks */,
				3AC68A76205426F200553184 /* Resources */,
				7F70B62CBB1479CE55319F00 /* [CP] Embed Pods Frameworks */,
				CF38051738BB69CC54D57482 /* [CP] Copy Pods Resources */,
			);
			buildRules = (
			);
			dependencies = (
				3AC68A7A205426F200553184 /* PBXTargetDependency */,
			);
			name = BingoTests;
			productName = BingoTests;
			productReference = 3AC68A78205426F200553184 /* BingoTests.xctest */;
			productType = "com.apple.product-type.bundle.unit-test";
		};
		3AC68A82205426F300553184 /* BingoUITests */ = {
			isa = PBXNativeTarget;
			buildConfigurationList = 3AC68A92205426F300553184 /* Build configuration list for PBXNativeTarget "BingoUITests" */;
			buildPhases = (
				BB1FF4EA7EA93211447D711C /* [CP] Check Pods Manifest.lock */,
				3AC68A7F205426F300553184 /* Sources */,
				3AC68A80205426F300553184 /* Frameworks */,
				3AC68A81205426F300553184 /* Resources */,
				B3AAD50DE9415AEE20D751D8 /* [CP] Embed Pods Frameworks */,
				0A0B8721D9A43D78F0FE4238 /* [CP] Copy Pods Resources */,
			);
			buildRules = (
			);
			dependencies = (
				3AC68A85205426F300553184 /* PBXTargetDependency */,
			);
			name = BingoUITests;
			productName = BingoUITests;
			productReference = 3AC68A83205426F300553184 /* BingoUITests.xctest */;
			productType = "com.apple.product-type.bundle.ui-testing";
		};
/* End PBXNativeTarget section */

/* Begin PBXProject section */
		3AC68A5A205426F100553184 /* Project object */ = {
			isa = PBXProject;
			attributes = {
				LastSwiftUpdateCheck = 0930;
				LastUpgradeCheck = 0930;
				ORGANIZATIONNAME = Teska;
				TargetAttributes = {
					3AC68A61205426F100553184 = {
						CreatedOnToolsVersion = 9.3;
						SystemCapabilities = {
							com.apple.BackgroundModes = {
								enabled = 1;
							};
							com.apple.NetworkExtensions.iOS = {
								enabled = 0;
							};
						};
					};
					3AC68A77205426F200553184 = {
						CreatedOnToolsVersion = 9.3;
						TestTargetID = 3AC68A61205426F100553184;
					};
					3AC68A82205426F300553184 = {
						CreatedOnToolsVersion = 9.3;
						TestTargetID = 3AC68A61205426F100553184;
					};
				};
			};
			buildConfigurationList = 3AC68A5D205426F100553184 /* Build configuration list for PBXProject "Bingo" */;
			compatibilityVersion = "Xcode 9.3";
			developmentRegion = en;
			hasScannedForEncodings = 0;
			knownRegions = (
				en,
				Base,
			);
			mainGroup = 3AC68A59205426F100553184;
			productRefGroup = 3AC68A63205426F100553184 /* Products */;
			projectDirPath = "";
			projectRoot = "";
			targets = (
				3AC68A61205426F100553184 /* Bingo */,
				3AC68A77205426F200553184 /* BingoTests */,
				3AC68A82205426F300553184 /* BingoUITests */,
			);
		};
/* End PBXProject section */

/* Begin PBXResourcesBuildPhase section */
		3AC68A60205426F100553184 /* Resources */ = {
			isa = PBXResourcesBuildPhase;
			buildActionMask = 2147483647;
			files = (
				3AC68AA520545D6000553184 /* IRANSans_Medium.ttf in Resources */,
				3AC68AA620545D6000553184 /* IRANSans_UltraLight.ttf in Resources */,
				3AC68A72205426F200553184 /* LaunchScreen.storyboard in Resources */,
				3AC68AA320545D6000553184 /* IRANSans_Bold.ttf in Resources */,
				3AC68A9A2054593300553184 /* Assets.xcassets in Resources */,
				3AC68A6D205426F100553184 /* Main.storyboard in Resources */,
				3AC68AA420545D6000553184 /* IRANSans_Light.ttf in Resources */,
				3AC68AA220545D6000553184 /* IRANSans.ttf in Resources */,
			);
			runOnlyForDeploymentPostprocessing = 0;
		};
		3AC68A76205426F200553184 /* Resources */ = {
			isa = PBXResourcesBuildPhase;
			buildActionMask = 2147483647;
			files = (
			);
			runOnlyForDeploymentPostprocessing = 0;
		};
		3AC68A81205426F300553184 /* Resources */ = {
			isa = PBXResourcesBuildPhase;
			buildActionMask = 2147483647;
			files = (
			);
			runOnlyForDeploymentPostprocessing = 0;
		};
/* End PBXResourcesBuildPhase section */

/* Begin PBXShellScriptBuildPhase section */
		0A0B8721D9A43D78F0FE4238 /* [CP] Copy Pods Resources */ = {
			isa = PBXShellScriptBuildPhase;
			buildActionMask = 2147483647;
			files = (
			);
			inputPaths = (
			);
			name = "[CP] Copy Pods Resources";
			outputPaths = (
			);
			runOnlyForDeploymentPostprocessing = 0;
			shellPath = /bin/sh;
			shellScript = "\"${SRCROOT}/Pods/Target Support Files/Pods-BingoUITests/Pods-BingoUITests-resources.sh\"\n";
			showEnvVarsInLog = 0;
		};
		46CD7B3B05BA7950E5ABFC01 /* [CP] Copy Pods Resources */ = {
			isa = PBXShellScriptBuildPhase;
			buildActionMask = 2147483647;
			files = (
			);
			inputPaths = (
			);
			name = "[CP] Copy Pods Resources";
			outputPaths = (
			);
			runOnlyForDeploymentPostprocessing = 0;
			shellPath = /bin/sh;
			shellScript = "\"${SRCROOT}/Pods/Target Support Files/Pods-Bingo/Pods-Bingo-resources.sh\"\n";
			showEnvVarsInLog = 0;
		};
		4C7860A44C2A8DBB8DF56B69 /* [CP] Check Pods Manifest.lock */ = {
			isa = PBXShellScriptBuildPhase;
			buildActionMask = 2147483647;
			files = (
			);
			inputPaths = (
				"${PODS_PODFILE_DIR_PATH}/Podfile.lock",
				"${PODS_ROOT}/Manifest.lock",
			);
			name = "[CP] Check Pods Manifest.lock";
			outputPaths = (
				"$(DERIVED_FILE_DIR)/Pods-BingoTests-checkManifestLockResult.txt",
			);
			runOnlyForDeploymentPostprocessing = 0;
			shellPath = /bin/sh;
			shellScript = "diff \"${PODS_PODFILE_DIR_PATH}/Podfile.lock\" \"${PODS_ROOT}/Manifest.lock\" > /dev/null\nif [ $? != 0 ] ; then\n    # print error to STDERR\n    echo \"error: The sandbox is not in sync with the Podfile.lock. Run 'pod install' or update your CocoaPods installation.\" >&2\n    exit 1\nfi\n# This output is used by Xcode 'outputs' to avoid re-running this script phase.\necho \"SUCCESS\" > \"${SCRIPT_OUTPUT_FILE_0}\"\n";
			showEnvVarsInLog = 0;
		};
		759A9ED238CEC6EDD190DFB9 /* [CP] Check Pods Manifest.lock */ = {
			isa = PBXShellScriptBuildPhase;
			buildActionMask = 2147483647;
			files = (
			);
			inputPaths = (
				"${PODS_PODFILE_DIR_PATH}/Podfile.lock",
				"${PODS_ROOT}/Manifest.lock",
			);
			name = "[CP] Check Pods Manifest.lock";
			outputPaths = (
				"$(DERIVED_FILE_DIR)/Pods-Bingo-checkManifestLockResult.txt",
			);
			runOnlyForDeploymentPostprocessing = 0;
			shellPath = /bin/sh;
			shellScript = "diff \"${PODS_PODFILE_DIR_PATH}/Podfile.lock\" \"${PODS_ROOT}/Manifest.lock\" > /dev/null\nif [ $? != 0 ] ; then\n    # print error to STDERR\n    echo \"error: The sandbox is not in sync with the Podfile.lock. Run 'pod install' or update your CocoaPods installation.\" >&2\n    exit 1\nfi\n# This output is used by Xcode 'outputs' to avoid re-running this script phase.\necho \"SUCCESS\" > \"${SCRIPT_OUTPUT_FILE_0}\"\n";
			showEnvVarsInLog = 0;
		};
		7F70B62CBB1479CE55319F00 /* [CP] Embed Pods Frameworks */ = {
			isa = PBXShellScriptBuildPhase;
			buildActionMask = 2147483647;
			files = (
			);
			inputPaths = (
			);
			name = "[CP] Embed Pods Frameworks";
			outputPaths = (
			);
			runOnlyForDeploymentPostprocessing = 0;
			shellPath = /bin/sh;
			shellScript = "\"${SRCROOT}/Pods/Target Support Files/Pods-BingoTests/Pods-BingoTests-frameworks.sh\"\n";
			showEnvVarsInLog = 0;
		};
		B3AAD50DE9415AEE20D751D8 /* [CP] Embed Pods Frameworks */ = {
			isa = PBXShellScriptBuildPhase;
			buildActionMask = 2147483647;
			files = (
			);
			inputPaths = (
			);
			name = "[CP] Embed Pods Frameworks";
			outputPaths = (
			);
			runOnlyForDeploymentPostprocessing = 0;
			shellPath = /bin/sh;
			shellScript = "\"${SRCROOT}/Pods/Target Support Files/Pods-BingoUITests/Pods-BingoUITests-frameworks.sh\"\n";
			showEnvVarsInLog = 0;
		};
		BB1FF4EA7EA93211447D711C /* [CP] Check Pods Manifest.lock */ = {
			isa = PBXShellScriptBuildPhase;
			buildActionMask = 2147483647;
			files = (
			);
			inputPaths = (
				"${PODS_PODFILE_DIR_PATH}/Podfile.lock",
				"${PODS_ROOT}/Manifest.lock",
			);
			name = "[CP] Check Pods Manifest.lock";
			outputPaths = (
				"$(DERIVED_FILE_DIR)/Pods-BingoUITests-checkManifestLockResult.txt",
			);
			runOnlyForDeploymentPostprocessing = 0;
			shellPath = /bin/sh;
			shellScript = "diff \"${PODS_PODFILE_DIR_PATH}/Podfile.lock\" \"${PODS_ROOT}/Manifest.lock\" > /dev/null\nif [ $? != 0 ] ; then\n    # print error to STDERR\n    echo \"error: The sandbox is not in sync with the Podfile.lock. Run 'pod install' or update your CocoaPods installation.\" >&2\n    exit 1\nfi\n# This output is used by Xcode 'outputs' to avoid re-running this script phase.\necho \"SUCCESS\" > \"${SCRIPT_OUTPUT_FILE_0}\"\n";
			showEnvVarsInLog = 0;
		};
		C9D31AE54B7B773A52C66DB7 /* [CP] Embed Pods Frameworks */ = {
			isa = PBXShellScriptBuildPhase;
			buildActionMask = 2147483647;
			files = (
			);
			inputPaths = (
				"${SRCROOT}/Pods/Target Support Files/Pods-Bingo/Pods-Bingo-frameworks.sh",
				"${BUILT_PRODUCTS_DIR}/Alamofire/Alamofire.framework",
				"${BUILT_PRODUCTS_DIR}/DualSlideMenu/DualSlideMenu.framework",
				"${BUILT_PRODUCTS_DIR}/EMAlertController/EMAlertController.framework",
				"${BUILT_PRODUCTS_DIR}/IQKeyboardManagerSwift/IQKeyboardManagerSwift.framework",
				"${BUILT_PRODUCTS_DIR}/KVSpinnerView/KVSpinnerView.framework",
				"${BUILT_PRODUCTS_DIR}/NVActivityIndicatorView/NVActivityIndicatorView.framework",
				"${BUILT_PRODUCTS_DIR}/SwiftyJSON/SwiftyJSON.framework",
				"${BUILT_PRODUCTS_DIR}/TIHexColor/TIHexColor.framework",
				"${BUILT_PRODUCTS_DIR}/ZAlertView/ZAlertView.framework",
				"${BUILT_PRODUCTS_DIR}/paper-onboarding/paper_onboarding.framework",
			);
			name = "[CP] Embed Pods Frameworks";
			outputPaths = (
				"${TARGET_BUILD_DIR}/${FRAMEWORKS_FOLDER_PATH}/Alamofire.framework",
				"${TARGET_BUILD_DIR}/${FRAMEWORKS_FOLDER_PATH}/DualSlideMenu.framework",
				"${TARGET_BUILD_DIR}/${FRAMEWORKS_FOLDER_PATH}/EMAlertController.framework",
				"${TARGET_BUILD_DIR}/${FRAMEWORKS_FOLDER_PATH}/IQKeyboardManagerSwift.framework",
				"${TARGET_BUILD_DIR}/${FRAMEWORKS_FOLDER_PATH}/KVSpinnerView.framework",
				"${TARGET_BUILD_DIR}/${FRAMEWORKS_FOLDER_PATH}/NVActivityIndicatorView.framework",
				"${TARGET_BUILD_DIR}/${FRAMEWORKS_FOLDER_PATH}/SwiftyJSON.framework",
				"${TARGET_BUILD_DIR}/${FRAMEWORKS_FOLDER_PATH}/TIHexColor.framework",
				"${TARGET_BUILD_DIR}/${FRAMEWORKS_FOLDER_PATH}/ZAlertView.framework",
				"${TARGET_BUILD_DIR}/${FRAMEWORKS_FOLDER_PATH}/paper_onboarding.framework",
			);
			runOnlyForDeploymentPostprocessing = 0;
			shellPath = /bin/sh;
			shellScript = "\"${SRCROOT}/Pods/Target Support Files/Pods-Bingo/Pods-Bingo-frameworks.sh\"\n";
			showEnvVarsInLog = 0;
		};
		CF38051738BB69CC54D57482 /* [CP] Copy Pods Resources */ = {
			isa = PBXShellScriptBuildPhase;
			buildActionMask = 2147483647;
			files = (
			);
			inputPaths = (
			);
			name = "[CP] Copy Pods Resources";
			outputPaths = (
			);
			runOnlyForDeploymentPostprocessing = 0;
			shellPath = /bin/sh;
			shellScript = "\"${SRCROOT}/Pods/Target Support Files/Pods-BingoTests/Pods-BingoTests-resources.sh\"\n";
			showEnvVarsInLog = 0;
		};
/* End PBXShellScriptBuildPhase section */

/* Begin PBXSourcesBuildPhase section */
		3AC68A5E205426F100553184 /* Sources */ = {
			isa = PBXSourcesBuildPhase;
			buildActionMask = 2147483647;
			files = (
				64AA6F0F20744B0600857580 /* HoldingViewController.swift in Sources */,
				64AA6F0D20744AB700857580 /* DirectChargeViewController.swift in Sources */,
				3AADBEC3205C94CF00BFDD50 /* BasketViewController.swift in Sources */,
				3A3DCEFC20557431006D5E28 /* CalculatorBrain.swift in Sources */,
				3A17D9D02066F449002F51A0 /* RightMenuViewController.swift in Sources */,
				3AF563912076644200695CF9 /* CheckBusinessInfoViewController.swift in Sources */,
				3A3DCF192055A358006D5E28 /* IntroductionViewController.swift in Sources */,
				3AF5637A20742CA700695CF9 /* TweeActiveTextField.swift in Sources */,
				3AF563722074277E00695CF9 /* EnterInfoViewController.swift in Sources */,
				64AA6F1120744B2500857580 /* BillViewController.swift in Sources */,
				3AF5637B20742CA700695CF9 /* TweeAttributedTextField.swift in Sources */,
				3A17D9D42066F7A9002F51A0 /* LeftMenuViewController.swift in Sources */,
				3AF5637C20742CA700695CF9 /* TweeBorderedTextField.swift in Sources */,
				3AC68A66205426F100553184 /* AppDelegate.swift in Sources */,
				3AF563932076645300695CF9 /* DoneViewController.swift in Sources */,
				3AF5638F2076641700695CF9 /* CheckPersonalInfoViewController.swift in Sources */,
				3AF5637D20742CA700695CF9 /* TweePlaceholderTextField.swift in Sources */,
				3A17D9D22066F6D3002F51A0 /* MenuTableViewCell.swift in Sources */,
				3AC68AA8205472F500553184 /* BuyViewController.swift in Sources */,
				3AF5637920742CA700695CF9 /* FontAnimation.swift in Sources */,
				3A3DCEFF20558380006D5E28 /* BasketData.swift in Sources */,
				3AADBEC6205D47D600BFDD50 /* BasketTableViewCell.swift in Sources */,
			);
			runOnlyForDeploymentPostprocessing = 0;
		};
		3AC68A74205426F200553184 /* Sources */ = {
			isa = PBXSourcesBuildPhase;
			buildActionMask = 2147483647;
			files = (
				3AC68A7D205426F200553184 /* BingoTests.swift in Sources */,
			);
			runOnlyForDeploymentPostprocessing = 0;
		};
		3AC68A7F205426F300553184 /* Sources */ = {
			isa = PBXSourcesBuildPhase;
			buildActionMask = 2147483647;
			files = (
				3AC68A88205426F300553184 /* BingoUITests.swift in Sources */,
			);
			runOnlyForDeploymentPostprocessing = 0;
		};
/* End PBXSourcesBuildPhase section */

/* Begin PBXTargetDependency section */
		3AC68A7A205426F200553184 /* PBXTargetDependency */ = {
			isa = PBXTargetDependency;
			target = 3AC68A61205426F100553184 /* Bingo */;
			targetProxy = 3AC68A79205426F200553184 /* PBXContainerItemProxy */;
		};
		3AC68A85205426F300553184 /* PBXTargetDependency */ = {
			isa = PBXTargetDependency;
			target = 3AC68A61205426F100553184 /* Bingo */;
			targetProxy = 3AC68A84205426F300553184 /* PBXContainerItemProxy */;
		};
/* End PBXTargetDependency section */

/* Begin PBXVariantGroup section */
		3AC68A6B205426F100553184 /* Main.storyboard */ = {
			isa = PBXVariantGroup;
			children = (
				3AC68A6C205426F100553184 /* Base */,
				3AC68A952054286D00553184 /* fa-IR */,
				3AC68A972054287B00553184 /* ar-IQ */,
			);
			name = Main.storyboard;
			sourceTree = "<group>";
		};
		3AC68A70205426F200553184 /* LaunchScreen.storyboard */ = {
			isa = PBXVariantGroup;
			children = (
				3AC68A71205426F200553184 /* Base */,
				3AC68A962054286D00553184 /* fa-IR */,
				3AC68A982054287B00553184 /* ar-IQ */,
			);
			name = LaunchScreen.storyboard;
			sourceTree = "<group>";
		};
/* End PBXVariantGroup section */

/* Begin XCBuildConfiguration section */
		3AC68A8A205426F300553184 /* Debug */ = {
			isa = XCBuildConfiguration;
			buildSettings = {
				ALWAYS_SEARCH_USER_PATHS = NO;
				CLANG_ANALYZER_LOCALIZABILITY_NONLOCALIZED = YES;
				CLANG_ANALYZER_NONNULL = YES;
				CLANG_ANALYZER_NUMBER_OBJECT_CONVERSION = YES_AGGRESSIVE;
				CLANG_CXX_LANGUAGE_STANDARD = "gnu++14";
				CLANG_CXX_LIBRARY = "libc++";
				CLANG_ENABLE_MODULES = YES;
				CLANG_ENABLE_OBJC_ARC = YES;
				CLANG_ENABLE_OBJC_WEAK = YES;
				CLANG_WARN_BLOCK_CAPTURE_AUTORELEASING = YES;
				CLANG_WARN_BOOL_CONVERSION = YES;
				CLANG_WARN_COMMA = YES;
				CLANG_WARN_CONSTANT_CONVERSION = YES;
				CLANG_WARN_DEPRECATED_OBJC_IMPLEMENTATIONS = YES;
				CLANG_WARN_DIRECT_OBJC_ISA_USAGE = YES_ERROR;
				CLANG_WARN_DOCUMENTATION_COMMENTS = YES;
				CLANG_WARN_EMPTY_BODY = YES;
				CLANG_WARN_ENUM_CONVERSION = YES;
				CLANG_WARN_INFINITE_RECURSION = YES;
				CLANG_WARN_INT_CONVERSION = YES;
				CLANG_WARN_NON_LITERAL_NULL_CONVERSION = YES;
				CLANG_WARN_OBJC_IMPLICIT_RETAIN_SELF = YES;
				CLANG_WARN_OBJC_LITERAL_CONVERSION = YES;
				CLANG_WARN_OBJC_ROOT_CLASS = YES_ERROR;
				CLANG_WARN_RANGE_LOOP_ANALYSIS = YES;
				CLANG_WARN_STRICT_PROTOTYPES = YES;
				CLANG_WARN_SUSPICIOUS_MOVE = YES;
				CLANG_WARN_UNGUARDED_AVAILABILITY = YES_AGGRESSIVE;
				CLANG_WARN_UNREACHABLE_CODE = YES;
				CLANG_WARN__DUPLICATE_METHOD_MATCH = YES;
				CODE_SIGN_IDENTITY = "iPhone Developer";
				COPY_PHASE_STRIP = NO;
				DEBUG_INFORMATION_FORMAT = dwarf;
				ENABLE_STRICT_OBJC_MSGSEND = YES;
				ENABLE_TESTABILITY = YES;
				GCC_C_LANGUAGE_STANDARD = gnu11;
				GCC_DYNAMIC_NO_PIC = NO;
				GCC_NO_COMMON_BLOCKS = YES;
				GCC_OPTIMIZATION_LEVEL = 0;
				GCC_PREPROCESSOR_DEFINITIONS = (
					"DEBUG=1",
					"$(inherited)",
				);
				GCC_WARN_64_TO_32_BIT_CONVERSION = YES;
				GCC_WARN_ABOUT_RETURN_TYPE = YES_ERROR;
				GCC_WARN_UNDECLARED_SELECTOR = YES;
				GCC_WARN_UNINITIALIZED_AUTOS = YES_AGGRESSIVE;
				GCC_WARN_UNUSED_FUNCTION = YES;
				GCC_WARN_UNUSED_VARIABLE = YES;
				IPHONEOS_DEPLOYMENT_TARGET = 11.3;
				MTL_ENABLE_DEBUG_INFO = YES;
				ONLY_ACTIVE_ARCH = YES;
				SDKROOT = iphoneos;
				SWIFT_ACTIVE_COMPILATION_CONDITIONS = DEBUG;
				SWIFT_OPTIMIZATION_LEVEL = "-Onone";
			};
			name = Debug;
		};
		3AC68A8B205426F300553184 /* Release */ = {
			isa = XCBuildConfiguration;
			buildSettings = {
				ALWAYS_SEARCH_USER_PATHS = NO;
				CLANG_ANALYZER_LOCALIZABILITY_NONLOCALIZED = YES;
				CLANG_ANALYZER_NONNULL = YES;
				CLANG_ANALYZER_NUMBER_OBJECT_CONVERSION = YES_AGGRESSIVE;
				CLANG_CXX_LANGUAGE_STANDARD = "gnu++14";
				CLANG_CXX_LIBRARY = "libc++";
				CLANG_ENABLE_MODULES = YES;
				CLANG_ENABLE_OBJC_ARC = YES;
				CLANG_ENABLE_OBJC_WEAK = YES;
				CLANG_WARN_BLOCK_CAPTURE_AUTORELEASING = YES;
				CLANG_WARN_BOOL_CONVERSION = YES;
				CLANG_WARN_COMMA = YES;
				CLANG_WARN_CONSTANT_CONVERSION = YES;
				CLANG_WARN_DEPRECATED_OBJC_IMPLEMENTATIONS = YES;
				CLANG_WARN_DIRECT_OBJC_ISA_USAGE = YES_ERROR;
				CLANG_WARN_DOCUMENTATION_COMMENTS = YES;
				CLANG_WARN_EMPTY_BODY = YES;
				CLANG_WARN_ENUM_CONVERSION = YES;
				CLANG_WARN_INFINITE_RECURSION = YES;
				CLANG_WARN_INT_CONVERSION = YES;
				CLANG_WARN_NON_LITERAL_NULL_CONVERSION = YES;
				CLANG_WARN_OBJC_IMPLICIT_RETAIN_SELF = YES;
				CLANG_WARN_OBJC_LITERAL_CONVERSION = YES;
				CLANG_WARN_OBJC_ROOT_CLASS = YES_ERROR;
				CLANG_WARN_RANGE_LOOP_ANALYSIS = YES;
				CLANG_WARN_STRICT_PROTOTYPES = YES;
				CLANG_WARN_SUSPICIOUS_MOVE = YES;
				CLANG_WARN_UNGUARDED_AVAILABILITY = YES_AGGRESSIVE;
				CLANG_WARN_UNREACHABLE_CODE = YES;
				CLANG_WARN__DUPLICATE_METHOD_MATCH = YES;
				CODE_SIGN_IDENTITY = "iPhone Developer";
				COPY_PHASE_STRIP = NO;
				DEBUG_INFORMATION_FORMAT = "dwarf-with-dsym";
				ENABLE_NS_ASSERTIONS = NO;
				ENABLE_STRICT_OBJC_MSGSEND = YES;
				GCC_C_LANGUAGE_STANDARD = gnu11;
				GCC_NO_COMMON_BLOCKS = YES;
				GCC_WARN_64_TO_32_BIT_CONVERSION = YES;
				GCC_WARN_ABOUT_RETURN_TYPE = YES_ERROR;
				GCC_WARN_UNDECLARED_SELECTOR = YES;
				GCC_WARN_UNINITIALIZED_AUTOS = YES_AGGRESSIVE;
				GCC_WARN_UNUSED_FUNCTION = YES;
				GCC_WARN_UNUSED_VARIABLE = YES;
				IPHONEOS_DEPLOYMENT_TARGET = 11.3;
				MTL_ENABLE_DEBUG_INFO = NO;
				SDKROOT = iphoneos;
				SWIFT_COMPILATION_MODE = wholemodule;
				SWIFT_OPTIMIZATION_LEVEL = "-O";
				VALIDATE_PRODUCT = YES;
			};
			name = Release;
		};
		3AC68A8D205426F300553184 /* Debug */ = {
			isa = XCBuildConfiguration;
			baseConfigurationReference = 62F29584064AD9059EA96D39 /* Pods-Bingo.debug.xcconfig */;
			buildSettings = {
				ASSETCATALOG_COMPILER_APPICON_NAME = AppIcon;
				CODE_SIGN_STYLE = Automatic;
				DEVELOPMENT_TEAM = D5G8SK67F3;
				INFOPLIST_FILE = Bingo/Info.plist;
				IPHONEOS_DEPLOYMENT_TARGET = 10.1;
				LD_RUNPATH_SEARCH_PATHS = (
					"$(inherited)",
					"@executable_path/Frameworks",
				);
				LIBRARY_SEARCH_PATHS = (
					"$(inherited)",
					"$(PROJECT_DIR)/Bingo/Libraries/BBDeviceLibrary",
				);
				OTHER_LDFLAGS = (
					"$(inherited)",
					"-framework",
					"\"Alamofire\"",
					"-framework",
					"\"IQKeyboardManagerSwift\"",
					"-framework",
					"\"KVSpinnerView\"",
					"-framework",
					"\"NVActivityIndicatorView\"",
					"-framework",
					"\"SwiftyJSON\"",
					"-framework",
					"\"ZAlertView\"",
					"-lstdc++",
				);
				PRODUCT_BUNDLE_IDENTIFIER = Teska.Bingo;
				PRODUCT_NAME = "$(TARGET_NAME)";
				SWIFT_OBJC_BRIDGING_HEADER = Bingo/Bingo_Bridging_Header_h.h;
				SWIFT_VERSION = 4.0;
				TARGETED_DEVICE_FAMILY = "1,2";
			};
			name = Debug;
		};
		3AC68A8E205426F300553184 /* Release */ = {
			isa = XCBuildConfiguration;
			baseConfigurationReference = DE84CD9B8100B9A83EF86CAE /* Pods-Bingo.release.xcconfig */;
			buildSettings = {
				ASSETCATALOG_COMPILER_APPICON_NAME = AppIcon;
				CODE_SIGN_STYLE = Automatic;
				DEVELOPMENT_TEAM = D5G8SK67F3;
				INFOPLIST_FILE = Bingo/Info.plist;
				IPHONEOS_DEPLOYMENT_TARGET = 10.1;
				LD_RUNPATH_SEARCH_PATHS = (
					"$(inherited)",
					"@executable_path/Frameworks",
				);
				LIBRARY_SEARCH_PATHS = (
					"$(inherited)",
					"$(PROJECT_DIR)/Bingo/Libraries/BBDeviceLibrary",
				);
				OTHER_LDFLAGS = (
					"$(inherited)",
					"-framework",
					"\"Alamofire\"",
					"-framework",
					"\"IQKeyboardManagerSwift\"",
					"-framework",
					"\"KVSpinnerView\"",
					"-framework",
					"\"NVActivityIndicatorView\"",
					"-framework",
					"\"SwiftyJSON\"",
					"-framework",
					"\"ZAlertView\"",
					"-lstdc++",
				);
				PRODUCT_BUNDLE_IDENTIFIER = Teska.Bingo;
				PRODUCT_NAME = "$(TARGET_NAME)";
				SWIFT_OBJC_BRIDGING_HEADER = Bingo/Bingo_Bridging_Header_h.h;
				SWIFT_VERSION = 4.0;
				TARGETED_DEVICE_FAMILY = "1,2";
			};
			name = Release;
		};
		3AC68A90205426F300553184 /* Debug */ = {
			isa = XCBuildConfiguration;
			baseConfigurationReference = C566E63505277F1B06D3FAE7 /* Pods-BingoTests.debug.xcconfig */;
			buildSettings = {
				ALWAYS_EMBED_SWIFT_STANDARD_LIBRARIES = YES;
				BUNDLE_LOADER = "$(TEST_HOST)";
				CODE_SIGN_STYLE = Automatic;
				DEVELOPMENT_TEAM = D5G8SK67F3;
				INFOPLIST_FILE = BingoTests/Info.plist;
				LD_RUNPATH_SEARCH_PATHS = (
					"$(inherited)",
					"@executable_path/Frameworks",
					"@loader_path/Frameworks",
				);
				PRODUCT_BUNDLE_IDENTIFIER = Teska.BingoTests;
				PRODUCT_NAME = "$(TARGET_NAME)";
				SWIFT_VERSION = 4.0;
				TARGETED_DEVICE_FAMILY = "1,2";
				TEST_HOST = "$(BUILT_PRODUCTS_DIR)/Bingo.app/Bingo";
			};
			name = Debug;
		};
		3AC68A91205426F300553184 /* Release */ = {
			isa = XCBuildConfiguration;
			baseConfigurationReference = EB8199D9D18F149F028A779B /* Pods-BingoTests.release.xcconfig */;
			buildSettings = {
				ALWAYS_EMBED_SWIFT_STANDARD_LIBRARIES = YES;
				BUNDLE_LOADER = "$(TEST_HOST)";
				CODE_SIGN_STYLE = Automatic;
				DEVELOPMENT_TEAM = D5G8SK67F3;
				INFOPLIST_FILE = BingoTests/Info.plist;
				LD_RUNPATH_SEARCH_PATHS = (
					"$(inherited)",
					"@executable_path/Frameworks",
					"@loader_path/Frameworks",
				);
				PRODUCT_BUNDLE_IDENTIFIER = Teska.BingoTests;
				PRODUCT_NAME = "$(TARGET_NAME)";
				SWIFT_VERSION = 4.0;
				TARGETED_DEVICE_FAMILY = "1,2";
				TEST_HOST = "$(BUILT_PRODUCTS_DIR)/Bingo.app/Bingo";
			};
			name = Release;
		};
		3AC68A93205426F300553184 /* Debug */ = {
			isa = XCBuildConfiguration;
			baseConfigurationReference = AB5D30F9D82FA10BE1262E2D /* Pods-BingoUITests.debug.xcconfig */;
			buildSettings = {
				ALWAYS_EMBED_SWIFT_STANDARD_LIBRARIES = YES;
				CODE_SIGN_STYLE = Automatic;
				DEVELOPMENT_TEAM = D5G8SK67F3;
				INFOPLIST_FILE = BingoUITests/Info.plist;
				LD_RUNPATH_SEARCH_PATHS = (
					"$(inherited)",
					"@executable_path/Frameworks",
					"@loader_path/Frameworks",
				);
				PRODUCT_BUNDLE_IDENTIFIER = Teska.BingoUITests;
				PRODUCT_NAME = "$(TARGET_NAME)";
				SWIFT_VERSION = 4.0;
				TARGETED_DEVICE_FAMILY = "1,2";
				TEST_TARGET_NAME = Bingo;
			};
			name = Debug;
		};
		3AC68A94205426F300553184 /* Release */ = {
			isa = XCBuildConfiguration;
			baseConfigurationReference = E1E8351E4D428B75C3FCAB9A /* Pods-BingoUITests.release.xcconfig */;
			buildSettings = {
				ALWAYS_EMBED_SWIFT_STANDARD_LIBRARIES = YES;
				CODE_SIGN_STYLE = Automatic;
				DEVELOPMENT_TEAM = D5G8SK67F3;
				INFOPLIST_FILE = BingoUITests/Info.plist;
				LD_RUNPATH_SEARCH_PATHS = (
					"$(inherited)",
					"@executable_path/Frameworks",
					"@loader_path/Frameworks",
				);
				PRODUCT_BUNDLE_IDENTIFIER = Teska.BingoUITests;
				PRODUCT_NAME = "$(TARGET_NAME)";
				SWIFT_VERSION = 4.0;
				TARGETED_DEVICE_FAMILY = "1,2";
				TEST_TARGET_NAME = Bingo;
			};
			name = Release;
		};
/* End XCBuildConfiguration section */

/* Begin XCConfigurationList section */
		3AC68A5D205426F100553184 /* Build configuration list for PBXProject "Bingo" */ = {
			isa = XCConfigurationList;
			buildConfigurations = (
				3AC68A8A205426F300553184 /* Debug */,
				3AC68A8B205426F300553184 /* Release */,
			);
			defaultConfigurationIsVisible = 0;
			defaultConfigurationName = Release;
		};
		3AC68A8C205426F300553184 /* Build configuration list for PBXNativeTarget "Bingo" */ = {
			isa = XCConfigurationList;
			buildConfigurations = (
				3AC68A8D205426F300553184 /* Debug */,
				3AC68A8E205426F300553184 /* Release */,
			);
			defaultConfigurationIsVisible = 0;
			defaultConfigurationName = Release;
		};
		3AC68A8F205426F300553184 /* Build configuration list for PBXNativeTarget "BingoTests" */ = {
			isa = XCConfigurationList;
			buildConfigurations = (
				3AC68A90205426F300553184 /* Debug */,
				3AC68A91205426F300553184 /* Release */,
			);
			defaultConfigurationIsVisible = 0;
			defaultConfigurationName = Release;
		};
		3AC68A92205426F300553184 /* Build configuration list for PBXNativeTarget "BingoUITests" */ = {
			isa = XCConfigurationList;
			buildConfigurations = (
				3AC68A93205426F300553184 /* Debug */,
				3AC68A94205426F300553184 /* Release */,
			);
			defaultConfigurationIsVisible = 0;
			defaultConfigurationName = Release;
		};
/* End XCConfigurationList section */
	};
	rootObject = 3AC68A5A205426F100553184 /* Project object */;
}
